// !$*UTF8*$!
{
	archiveVersion = 1;
	classes = {
	};
	objectVersion = 56;
	objects = {

/* Begin PBXBuildFile section */
		CD4B56992B6B2F1000BBBE02 /* AppDelegate.swift in Sources */ = {isa = PBXBuildFile; fileRef = CD4B56982B6B2F1000BBBE02 /* AppDelegate.swift */; };
		CD4B569B2B6B2F1000BBBE02 /* SceneDelegate.swift in Sources */ = {isa = PBXBuildFile; fileRef = CD4B569A2B6B2F1000BBBE02 /* SceneDelegate.swift */; };
		CD4B569D2B6B2F1000BBBE02 /* ViewController.swift in Sources */ = {isa = PBXBuildFile; fileRef = CD4B569C2B6B2F1000BBBE02 /* ViewController.swift */; };
		CD4B56A02B6B2F1000BBBE02 /* Main.storyboard in Resources */ = {isa = PBXBuildFile; fileRef = CD4B569E2B6B2F1000BBBE02 /* Main.storyboard */; };
		CD4B56A32B6B2F1000BBBE02 /* Prueba.xcdatamodeld in Sources */ = {isa = PBXBuildFile; fileRef = CD4B56A12B6B2F1000BBBE02 /* Prueba.xcdatamodeld */; };
		CD4B56A52B6B2F1200BBBE02 /* Assets.xcassets in Resources */ = {isa = PBXBuildFile; fileRef = CD4B56A42B6B2F1200BBBE02 /* Assets.xcassets */; };
		CD4B56A82B6B2F1200BBBE02 /* LaunchScreen.storyboard in Resources */ = {isa = PBXBuildFile; fileRef = CD4B56A62B6B2F1200BBBE02 /* LaunchScreen.storyboard */; };
/* End PBXBuildFile section */

/* Begin PBXFileReference section */
		CD4B56952B6B2F1000BBBE02 /* Prueba.app */ = {isa = PBXFileReference; explicitFileType = wrapper.application; includeInIndex = 0; path = Prueba.app; sourceTree = BUILT_PRODUCTS_DIR; };
		CD4B56982B6B2F1000BBBE02 /* AppDelegate.swift */ = {isa = PBXFileReference; lastKnownFileType = sourcecode.swift; path = AppDelegate.swift; sourceTree = "<group>"; };
		CD4B569A2B6B2F1000BBBE02 /* SceneDelegate.swift */ = {isa = PBXFileReference; lastKnownFileType = sourcecode.swift; path = SceneDelegate.swift; sourceTree = "<group>"; };
		CD4B569C2B6B2F1000BBBE02 /* ViewController.swift */ = {isa = PBXFileReference; lastKnownFileType = sourcecode.swift; path = ViewController.swift; sourceTree = "<group>"; };
		CD4B569F2B6B2F1000BBBE02 /* Base */ = {isa = PBXFileReference; lastKnownFileType = file.storyboard; name = Base; path = Base.lproj/Main.storyboard; sourceTree = "<group>"; };
		CD4B56A22B6B2F1000BBBE02 /* Prueba.xcdatamodel */ = {isa = PBXFileReference; lastKnownFileType = wrapper.xcdatamodel; path = Prueba.xcdatamodel; sourceTree = "<group>"; };
		CD4B56A42B6B2F1200BBBE02 /* Assets.xcassets */ = {isa = PBXFileReference; lastKnownFileType = folder.assetcatalog; path = Assets.xcassets; sourceTree = "<group>"; };
		CD4B56A72B6B2F1200BBBE02 /* Base */ = {isa = PBXFileReference; lastKnownFileType = file.storyboard; name = Base; path = Base.lproj/LaunchScreen.storyboard; sourceTree = "<group>"; };
		CD4B56A92B6B2F1200BBBE02 /* Info.plist */ = {isa = PBXFileReference; lastKnownFileType = text.plist.xml; path = Info.plist; sourceTree = "<group>"; };
/* End PBXFileReference section */

/* Begin PBXFrameworksBuildPhase section */
		CD4B56922B6B2F1000BBBE02 /* Frameworks */ = {
			isa = PBXFrameworksBuildPhase;
			buildActionMask = 2147483647;
			files = (
			);
			runOnlyForDeploymentPostprocessing = 0;
		};
/* End PBXFrameworksBuildPhase section */

/* Begin PBXGroup section */
		CD4B568C2B6B2F1000BBBE02 = {
			isa = PBXGroup;
			children = (
				CD4B56972B6B2F1000BBBE02 /* Prueba */,
				CD4B56962B6B2F1000BBBE02 /* Products */,
			);
			sourceTree = "<group>";
		};
		CD4B56962B6B2F1000BBBE02 /* Products */ = {
			isa = PBXGroup;
			children = (
				CD4B56952B6B2F1000BBBE02 /* Prueba.app */,
			);
			name = Products;
			sourceTree = "<group>";
		};
		CD4B56972B6B2F1000BBBE02 /* Prueba */ = {
			isa = PBXGroup;
			children = (
				CD4B56982B6B2F1000BBBE02 /* AppDelegate.swift */,
				CD4B569A2B6B2F1000BBBE02 /* SceneDelegate.swift */,
				CD4B569C2B6B2F1000BBBE02 /* ViewController.swift */,
				CD4B569E2B6B2F1000BBBE02 /* Main.storyboard */,
				CD4B56A42B6B2F1200BBBE02 /* Assets.xcassets */,
				CD4B56A62B6B2F1200BBBE02 /* LaunchScreen.storyboard */,
				CD4B56A92B6B2F1200BBBE02 /* Info.plist */,
				CD4B56A12B6B2F1000BBBE02 /* Prueba.xcdatamodeld */,
			);
			path = Prueba;
			sourceTree = "<group>";
		};
/* End PBXGroup section */

/* Begin PBXNativeTarget section */
		CD4B56942B6B2F1000BBBE02 /* Prueba */ = {
			isa = PBXNativeTarget;
			buildConfigurationList = CD4B56AC2B6B2F1200BBBE02 /* Build configuration list for PBXNativeTarget "Prueba" */;
			buildPhases = (
				CD4B56912B6B2F1000BBBE02 /* Sources */,
				CD4B56922B6B2F1000BBBE02 /* Frameworks */,
				CD4B56932B6B2F1000BBBE02 /* Resources */,
			);
			buildRules = (
			);
			dependencies = (
			);
			name = Prueba;
			productName = Prueba;
			productReference = CD4B56952B6B2F1000BBBE02 /* Prueba.app */;
			productType = "com.apple.product-type.application";
		};
/* End PBXNativeTarget section */

/* Begin PBXProject section */
		CD4B568D2B6B2F1000BBBE02 /* Project object */ = {
			isa = PBXProject;
			attributes = {
				BuildIndependentTargetsInParallel = 1;
				LastSwiftUpdateCheck = 1520;
				LastUpgradeCheck = 1520;
				TargetAttributes = {
					CD4B56942B6B2F1000BBBE02 = {
						CreatedOnToolsVersion = 15.2;
					};
				};
			};
			buildConfigurationList = CD4B56902B6B2F1000BBBE02 /* Build configuration list for PBXProject "Prueba" */;
			compatibilityVersion = "Xcode 14.0";
			developmentRegion = en;
			hasScannedForEncodings = 0;
			knownRegions = (
				en,
				Base,
			);
			mainGroup = CD4B568C2B6B2F1000BBBE02;
			productRefGroup = CD4B56962B6B2F1000BBBE02 /* Products */;
			projectDirPath = "";
			projectRoot = "";
			targets = (
				CD4B56942B6B2F1000BBBE02 /* Prueba */,
			);
		};
/* End PBXProject section */

/* Begin PBXResourcesBuildPhase section */
		CD4B56932B6B2F1000BBBE02 /* Resources */ = {
			isa = PBXResourcesBuildPhase;
			buildActionMask = 2147483647;
			files = (
				CD4B56A82B6B2F1200BBBE02 /* LaunchScreen.storyboard in Resources */,
				CD4B56A52B6B2F1200BBBE02 /* Assets.xcassets in Resources */,
				CD4B56A02B6B2F1000BBBE02 /* Main.storyboard in Resources */,
			);
			runOnlyForDeploymentPostprocessing = 0;
		};
/* End PBXResourcesBuildPhase section */

/* Begin PBXSourcesBuildPhase section */
		CD4B56912B6B2F1000BBBE02 /* Sources */ = {
			isa = PBXSourcesBuildPhase;
			buildActionMask = 2147483647;
			files = (
				CD4B569D2B6B2F1000BBBE02 /* ViewController.swift in Sources */,
				CD4B56992B6B2F1000BBBE02 /* AppDelegate.swift in Sources */,
				CD4B56A32B6B2F1000BBBE02 /* Prueba.xcdatamodeld in Sources */,
				CD4B569B2B6B2F1000BBBE02 /* SceneDelegate.swift in Sources */,
			);
			runOnlyForDeploymentPostprocessing = 0;
		};
/* End PBXSourcesBuildPhase section */

/* Begin PBXVariantGroup section */
		CD4B569E2B6B2F1000BBBE02 /* Main.storyboard */ = {
			isa = PBXVariantGroup;
			children = (
				CD4B569F2B6B2F1000BBBE02 /* Base */,
			);
			name = Main.storyboard;
			sourceTree = "<group>";
		};
		CD4B56A62B6B2F1200BBBE02 /* LaunchScreen.storyboard */ = {
			isa = PBXVariantGroup;
			children = (
				CD4B56A72B6B2F1200BBBE02 /* Base */,
			);
			name = LaunchScreen.storyboard;
			sourceTree = "<group>";
		};
/* End PBXVariantGroup section */

/* Begin XCBuildConfiguration section */
		CD4B56AA2B6B2F1200BBBE02 /* Debug */ = {
			isa = XCBuildConfiguration;
			buildSettings = {
				ALWAYS_SEARCH_USER_PATHS = NO;
				ASSETCATALOG_COMPILER_GENERATE_SWIFT_ASSET_SYMBOL_EXTENSIONS = YES;
				CLANG_ANALYZER_NONNULL = YES;
				CLANG_ANALYZER_NUMBER_OBJECT_CONVERSION = YES_AGGRESSIVE;
				CLANG_CXX_LANGUAGE_STANDARD = "gnu++20";
				CLANG_ENABLE_MODULES = YES;
				CLANG_ENABLE_OBJC_ARC = YES;
				CLANG_ENABLE_OBJC_WEAK = YES;
				CLANG_WARN_BLOCK_CAPTURE_AUTORELEASING = YES;
				CLANG_WARN_BOOL_CONVERSION = YES;
				CLANG_WARN_COMMA = YES;
				CLANG_WARN_CONSTANT_CONVERSION = YES;
				CLANG_WARN_DEPRECATED_OBJC_IMPLEMENTATIONS = YES;
				CLANG_WARN_DIRECT_OBJC_ISA_USAGE = YES_ERROR;
				CLANG_WARN_DOCUMENTATION_COMMENTS = YES;
				CLANG_WARN_EMPTY_BODY = YES;
				CLANG_WARN_ENUM_CONVERSION = YES;
				CLANG_WARN_INFINITE_RECURSION = YES;
				CLANG_WARN_INT_CONVERSION = YES;
				CLANG_WARN_NON_LITERAL_NULL_CONVERSION = YES;
				CLANG_WARN_OBJC_IMPLICIT_RETAIN_SELF = YES;
				CLANG_WARN_OBJC_LITERAL_CONVERSION = YES;
				CLANG_WARN_OBJC_ROOT_CLASS = YES_ERROR;
				CLANG_WARN_QUOTED_INCLUDE_IN_FRAMEWORK_HEADER = YES;
				CLANG_WARN_RANGE_LOOP_ANALYSIS = YES;
				CLANG_WARN_STRICT_PROTOTYPES = YES;
				CLANG_WARN_SUSPICIOUS_MOVE = YES;
				CLANG_WARN_UNGUARDED_AVAILABILITY = YES_AGGRESSIVE;
				CLANG_WARN_UNREACHABLE_CODE = YES;
				CLANG_WARN__DUPLICATE_METHOD_MATCH = YES;
				COPY_PHASE_STRIP = NO;
				DEBUG_INFORMATION_FORMAT = dwarf;
				ENABLE_STRICT_OBJC_MSGSEND = YES;
				ENABLE_TESTABILITY = YES;
				ENABLE_USER_SCRIPT_SANDBOXING = YES;
				GCC_C_LANGUAGE_STANDARD = gnu17;
				GCC_DYNAMIC_NO_PIC = NO;
				GCC_NO_COMMON_BLOCKS = YES;
				GCC_OPTIMIZATION_LEVEL = 0;
				GCC_PREPROCESSOR_DEFINITIONS = (
					"DEBUG=1",
					"$(inherited)",
				);
				GCC_WARN_64_TO_32_BIT_CONVERSION = YES;
				GCC_WARN_ABOUT_RETURN_TYPE = YES_ERROR;
				GCC_WARN_UNDECLARED_SELECTOR = YES;
				GCC_WARN_UNINITIALIZED_AUTOS = YES_AGGRESSIVE;
				GCC_WARN_UNUSED_FUNCTION = YES;
				GCC_WARN_UNUSED_VARIABLE = YES;
				IPHONEOS_DEPLOYMENT_TARGET = 17.2;
				LOCALIZATION_PREFERS_STRING_CATALOGS = YES;
				MTL_ENABLE_DEBUG_INFO = INCLUDE_SOURCE;
				MTL_FAST_MATH = YES;
				ONLY_ACTIVE_ARCH = YES;
				SDKROOT = iphoneos;
				SWIFT_ACTIVE_COMPILATION_CONDITIONS = "DEBUG $(inherited)";
				SWIFT_OPTIMIZATION_LEVEL = "-Onone";
			};
			name = Debug;
		};
		CD4B56AB2B6B2F1200BBBE02 /* Release */ = {
			isa = XCBuildConfiguration;
			buildSettings = {
				ALWAYS_SEARCH_USER_PATHS = NO;
				ASSETCATALOG_COMPILER_GENERATE_SWIFT_ASSET_SYMBOL_EXTENSIONS = YES;
				CLANG_ANALYZER_NONNULL = YES;
				CLANG_ANALYZER_NUMBER_OBJECT_CONVERSION = YES_AGGRESSIVE;
				CLANG_CXX_LANGUAGE_STANDARD = "gnu++20";
				CLANG_ENABLE_MODULES = YES;
				CLANG_ENABLE_OBJC_ARC = YES;
				CLANG_ENABLE_OBJC_WEAK = YES;
				CLANG_WARN_BLOCK_CAPTURE_AUTORELEASING = YES;
				CLANG_WARN_BOOL_CONVERSION = YES;
				CLANG_WARN_COMMA = YES;
				CLANG_WARN_CONSTANT_CONVERSION = YES;
				CLANG_WARN_DEPRECATED_OBJC_IMPLEMENTATIONS = YES;
				CLANG_WARN_DIRECT_OBJC_ISA_USAGE = YES_ERROR;
				CLANG_WARN_DOCUMENTATION_COMMENTS = YES;
				CLANG_WARN_EMPTY_BODY = YES;
				CLANG_WARN_ENUM_CONVERSION = YES;
				CLANG_WARN_INFINITE_RECURSION = YES;
				CLANG_WARN_INT_CONVERSION = YES;
				CLANG_WARN_NON_LITERAL_NULL_CONVERSION = YES;
				CLANG_WARN_OBJC_IMPLICIT_RETAIN_SELF = YES;
				CLANG_WARN_OBJC_LITERAL_CONVERSION = YES;
				CLANG_WARN_OBJC_ROOT_CLASS = YES_ERROR;
				CLANG_WARN_QUOTED_INCLUDE_IN_FRAMEWORK_HEADER = YES;
				CLANG_WARN_RANGE_LOOP_ANALYSIS = YES;
				CLANG_WARN_STRICT_PROTOTYPES = YES;
				CLANG_WARN_SUSPICIOUS_MOVE = YES;
				CLANG_WARN_UNGUARDED_AVAILABILITY = YES_AGGRESSIVE;
				CLANG_WARN_UNREACHABLE_CODE = YES;
				CLANG_WARN__DUPLICATE_METHOD_MATCH = YES;
				COPY_PHASE_STRIP = NO;
				DEBUG_INFORMATION_FORMAT = "dwarf-with-dsym";
				ENABLE_NS_ASSERTIONS = NO;
				ENABLE_STRICT_OBJC_MSGSEND = YES;
				ENABLE_USER_SCRIPT_SANDBOXING = YES;
				GCC_C_LANGUAGE_STANDARD = gnu17;
				GCC_NO_COMMON_BLOCKS = YES;
				GCC_WARN_64_TO_32_BIT_CONVERSION = YES;
				GCC_WARN_ABOUT_RETURN_TYPE = YES_ERROR;
				GCC_WARN_UNDECLARED_SELECTOR = YES;
				GCC_WARN_UNINITIALIZED_AUTOS = YES_AGGRESSIVE;
				GCC_WARN_UNUSED_FUNCTION = YES;
				GCC_WARN_UNUSED_VARIABLE = YES;
				IPHONEOS_DEPLOYMENT_TARGET = 17.2;
				LOCALIZATION_PREFERS_STRING_CATALOGS = YES;
				MTL_ENABLE_DEBUG_INFO = NO;
				MTL_FAST_MATH = YES;
				SDKROOT = iphoneos;
				SWIFT_COMPILATION_MODE = wholemodule;
				VALIDATE_PRODUCT = YES;
			};
			name = Release;
		};
		CD4B56AD2B6B2F1200BBBE02 /* Debug */ = {
			isa = XCBuildConfiguration;
			buildSettings = {
				ASSETCATALOG_COMPILER_APPICON_NAME = AppIcon;
				ASSETCATALOG_COMPILER_GLOBAL_ACCENT_COLOR_NAME = AccentColor;
				CODE_SIGN_STYLE = Automatic;
				CURRENT_PROJECT_VERSION = 1;
				DEVELOPMENT_TEAM = HW9FW7VQXU;
				GENERATE_INFOPLIST_FILE = YES;
				INFOPLIST_FILE = Prueba/Info.plist;
				INFOPLIST_KEY_UIApplicationSupportsIndirectInputEvents = YES;
				INFOPLIST_KEY_UILaunchStoryboardName = LaunchScreen;
				INFOPLIST_KEY_UIMainStoryboardFile = Main;
				INFOPLIST_KEY_UISupportedInterfaceOrientations_iPad = "UIInterfaceOrientationPortrait UIInterfaceOrientationPortraitUpsideDown UIInterfaceOrientationLandscapeLeft UIInterfaceOrientationLandscapeRight";
				INFOPLIST_KEY_UISupportedInterfaceOrientations_iPhone = "UIInterfaceOrientationPortrait UIInterfaceOrientationLandscapeLeft UIInterfaceOrientationLandscapeRight";
				LD_RUNPATH_SEARCH_PATHS = (
					"$(inherited)",
					"@executable_path/Frameworks",
				);
				MARKETING_VERSION = 1.0;
				PRODUCT_BUNDLE_IDENTIFIER = Prueba.Prueba;
				PRODUCT_NAME = "$(TARGET_NAME)";
				SWIFT_EMIT_LOC_STRINGS = YES;
				SWIFT_VERSION = 5.0;
				TARGETED_DEVICE_FAMILY = "1,2";
			};
			name = Debug;
		};
		CD4B56AE2B6B2F1200BBBE02 /* Release */ = {
			isa = XCBuildConfiguration;
			buildSettings = {
				ASSETCATALOG_COMPILER_APPICON_NAME = AppIcon;
				ASSETCATALOG_COMPILER_GLOBAL_ACCENT_COLOR_NAME = AccentColor;
				CODE_SIGN_STYLE = Automatic;
				CURRENT_PROJECT_VERSION = 1;
				DEVELOPMENT_TEAM = HW9FW7VQXU;
				GENERATE_INFOPLIST_FILE = YES;
				INFOPLIST_FILE = Prueba/Info.plist;
				INFOPLIST_KEY_UIApplicationSupportsIndirectInputEvents = YES;
				INFOPLIST_KEY_UILaunchStoryboardName = LaunchScreen;
				INFOPLIST_KEY_UIMainStoryboardFile = Main;
				INFOPLIST_KEY_UISupportedInterfaceOrientations_iPad = "UIInterfaceOrientationPortrait UIInterfaceOrientationPortraitUpsideDown UIInterfaceOrientationLandscapeLeft UIInterfaceOrientationLandscapeRight";
				INFOPLIST_KEY_UISupportedInterfaceOrientations_iPhone = "UIInterfaceOrientationPortrait UIInterfaceOrientationLandscapeLeft UIInterfaceOrientationLandscapeRight";
				LD_RUNPATH_SEARCH_PATHS = (
					"$(inherited)",
					"@executable_path/Frameworks",
				);
				MARKETING_VERSION = 1.0;
				PRODUCT_BUNDLE_IDENTIFIER = Prueba.Prueba;
				PRODUCT_NAME = "$(TARGET_NAME)";
				SWIFT_EMIT_LOC_STRINGS = YES;
				SWIFT_VERSION = 5.0;
				TARGETED_DEVICE_FAMILY = "1,2";
			};
			name = Release;
		};
/* End XCBuildConfiguration section */

/* Begin XCConfigurationList section */
		CD4B56902B6B2F1000BBBE02 /* Build configuration list for PBXProject "Prueba" */ = {
			isa = XCConfigurationList;
			buildConfigurations = (
				CD4B56AA2B6B2F1200BBBE02 /* Debug */,
				CD4B56AB2B6B2F1200BBBE02 /* Release */,
			);
			defaultConfigurationIsVisible = 0;
			defaultConfigurationName = Release;
		};
		CD4B56AC2B6B2F1200BBBE02 /* Build configuration list for PBXNativeTarget "Prueba" */ = {
			isa = XCConfigurationList;
			buildConfigurations = (
				CD4B56AD2B6B2F1200BBBE02 /* Debug */,
				CD4B56AE2B6B2F1200BBBE02 /* Release */,
			);
			defaultConfigurationIsVisible = 0;
			defaultConfigurationName = Release;
		};
/* End XCConfigurationList section */

/* Begin XCVersionGroup section */
		CD4B56A12B6B2F1000BBBE02 /* Prueba.xcdatamodeld */ = {
			isa = XCVersionGroup;
			children = (
				CD4B56A22B6B2F1000BBBE02 /* Prueba.xcdatamodel */,
			);
			currentVersion = CD4B56A22B6B2F1000BBBE02 /* Prueba.xcdatamodel */;
			path = Prueba.xcdatamodeld;
			sourceTree = "<group>";
			versionGroupType = wrapper.xcdatamodel;
		};
/* End XCVersionGroup section */
	};
	rootObject = CD4B568D2B6B2F1000BBBE02 /* Project object */;
}
